// !$*UTF8*$!
{
	archiveVersion = 1;
	classes = {
	};
	objectVersion = 46;
	objects = {

/* Begin PBXBuildFile section */
		1498D2341E8E89220040F4C2 /* GeneratedPluginRegistrant.m in Sources */ = {isa = PBXBuildFile; fileRef = 1498D2331E8E89220040F4C2 /* GeneratedPluginRegistrant.m */; };
		3B3967161E833CAA004F5970 /* AppFrameworkInfo.plist in Resources */ = {isa = PBXBuildFile; fileRef = 3B3967151E833CAA004F5970 /* AppFrameworkInfo.plist */; };
		3B80C3941E831B6300D905FE /* App.framework in Frameworks */ = {isa = PBXBuildFile; fileRef = 3B80C3931E831B6300D905FE /* App.framework */; };
		3B80C3951E831B6300D905FE /* App.framework in Embed Frameworks */ = {isa = PBXBuildFile; fileRef = 3B80C3931E831B6300D905FE /* App.framework */; settings = {ATTRIBUTES = (CodeSignOnCopy, RemoveHeadersOnCopy, ); }; };
		6193CB8122B5394100C7C773 /* libBaiduSpeechSDK.a in Frameworks */ = {isa = PBXBuildFile; fileRef = 6193CB7F22B5394100C7C773 /* libBaiduSpeechSDK.a */; };
		6193CB8222B5394100C7C773 /* .gitignore in Resources */ = {isa = PBXBuildFile; fileRef = 6193CB8022B5394100C7C773 /* .gitignore */; };
		6193CB8422B5399600C7C773 /* BDSClientResources in Resources */ = {isa = PBXBuildFile; fileRef = 6193CB8322B5399600C7C773 /* BDSClientResources */; };
		6193CB8E22B539CE00C7C773 /* bds_license.dat in Resources */ = {isa = PBXBuildFile; fileRef = 6193CB8622B539CE00C7C773 /* bds_license.dat */; };
		6193CB8F22B539CE00C7C773 /* bds_easr_basic_model.dat in Resources */ = {isa = PBXBuildFile; fileRef = 6193CB8722B539CE00C7C773 /* bds_easr_basic_model.dat */; };
		6193CB9022B539CE00C7C773 /* bds_easr_mfe_cmvn.dat in Resources */ = {isa = PBXBuildFile; fileRef = 6193CB8822B539CE00C7C773 /* bds_easr_mfe_cmvn.dat */; };
		6193CB9122B539CE00C7C773 /* bds_easr_input_model.dat in Resources */ = {isa = PBXBuildFile; fileRef = 6193CB8922B539CE00C7C773 /* bds_easr_input_model.dat */; };
		6193CB9222B539CE00C7C773 /* bds_easr_mfe_dnn.dat in Resources */ = {isa = PBXBuildFile; fileRef = 6193CB8A22B539CE00C7C773 /* bds_easr_mfe_dnn.dat */; };
		6193CB9322B539CE00C7C773 /* bds_easr_gramm.dat in Resources */ = {isa = PBXBuildFile; fileRef = 6193CB8B22B539CE00C7C773 /* bds_easr_gramm.dat */; };
		6193CB9422B539CE00C7C773 /* bds_easr_wakeup_words.dat in Resources */ = {isa = PBXBuildFile; fileRef = 6193CB8C22B539CE00C7C773 /* bds_easr_wakeup_words.dat */; };
		6193CB9522B539CE00C7C773 /* bds_easr_dnn_wakeup_model.dat in Resources */ = {isa = PBXBuildFile; fileRef = 6193CB8D22B539CE00C7C773 /* bds_easr_dnn_wakeup_model.dat */; };
		6193CB9722B539F600C7C773 /* CoreTelephony.framework in Frameworks */ = {isa = PBXBuildFile; fileRef = 6193CB9622B539F600C7C773 /* CoreTelephony.framework */; };
		6193CB9922B53A0E00C7C773 /* libsqlite3.0.tbd in Frameworks */ = {isa = PBXBuildFile; fileRef = 6193CB9822B53A0E00C7C773 /* libsqlite3.0.tbd */; };
		6193CB9B22B53A3300C7C773 /* libiconv.2.4.0.tbd in Frameworks */ = {isa = PBXBuildFile; fileRef = 6193CB9A22B53A3300C7C773 /* libiconv.2.4.0.tbd */; };
		6193CB9D22B53A4700C7C773 /* libc++.tbd in Frameworks */ = {isa = PBXBuildFile; fileRef = 6193CB9C22B53A4700C7C773 /* libc++.tbd */; };
		6193CB9F22B53A5A00C7C773 /* libz.1.2.5.tbd in Frameworks */ = {isa = PBXBuildFile; fileRef = 6193CB9E22B53A5A00C7C773 /* libz.1.2.5.tbd */; };
		6193CBA222B77DCE00C7C773 /* AsrManager.m in Sources */ = {isa = PBXBuildFile; fileRef = 6193CBA122B77DCE00C7C773 /* AsrManager.m */; };
		6193CBB222B7806700C7C773 /* .gitIgnore in Resources */ = {isa = PBXBuildFile; fileRef = 6193CBA822B7806700C7C773 /* .gitIgnore */; };
		9705A1C61CF904A100538489 /* Flutter.framework in Frameworks */ = {isa = PBXBuildFile; fileRef = 9740EEBA1CF902C7004384FC /* Flutter.framework */; };
		9705A1C71CF904A300538489 /* Flutter.framework in Embed Frameworks */ = {isa = PBXBuildFile; fileRef = 9740EEBA1CF902C7004384FC /* Flutter.framework */; settings = {ATTRIBUTES = (CodeSignOnCopy, RemoveHeadersOnCopy, ); }; };
		9740EEB41CF90195004384FC /* Debug.xcconfig in Resources */ = {isa = PBXBuildFile; fileRef = 9740EEB21CF90195004384FC /* Debug.xcconfig */; };
		978B8F6F1D3862AE00F588F7 /* AppDelegate.m in Sources */ = {isa = PBXBuildFile; fileRef = 7AFFD8EE1D35381100E5BB4D /* AppDelegate.m */; };
		97C146F31CF9000F007C117D /* main.m in Sources */ = {isa = PBXBuildFile; fileRef = 97C146F21CF9000F007C117D /* main.m */; };
		97C146FC1CF9000F007C117D /* Main.storyboard in Resources */ = {isa = PBXBuildFile; fileRef = 97C146FA1CF9000F007C117D /* Main.storyboard */; };
		97C146FE1CF9000F007C117D /* Assets.xcassets in Resources */ = {isa = PBXBuildFile; fileRef = 97C146FD1CF9000F007C117D /* Assets.xcassets */; };
		97C147011CF9000F007C117D /* LaunchScreen.storyboard in Resources */ = {isa = PBXBuildFile; fileRef = 97C146FF1CF9000F007C117D /* LaunchScreen.storyboard */; };
		B4F967D014B533EDFD080474 /* libPods-Runner.a in Frameworks */ = {isa = PBXBuildFile; fileRef = 5F960C6439646F88B561E2A7 /* libPods-Runner.a */; };
/* End PBXBuildFile section */

/* Begin PBXCopyFilesBuildPhase section */
		9705A1C41CF9048500538489 /* Embed Frameworks */ = {
			isa = PBXCopyFilesBuildPhase;
			buildActionMask = 2147483647;
			dstPath = "";
			dstSubfolderSpec = 10;
			files = (
				3B80C3951E831B6300D905FE /* App.framework in Embed Frameworks */,
				9705A1C71CF904A300538489 /* Flutter.framework in Embed Frameworks */,
			);
			name = "Embed Frameworks";
			runOnlyForDeploymentPostprocessing = 0;
		};
/* End PBXCopyFilesBuildPhase section */

/* Begin PBXFileReference section */
		1498D2321E8E86230040F4C2 /* GeneratedPluginRegistrant.h */ = {isa = PBXFileReference; lastKnownFileType = sourcecode.c.h; path = GeneratedPluginRegistrant.h; sourceTree = "<group>"; };
		1498D2331E8E89220040F4C2 /* GeneratedPluginRegistrant.m */ = {isa = PBXFileReference; fileEncoding = 4; lastKnownFileType = sourcecode.c.objc; path = GeneratedPluginRegistrant.m; sourceTree = "<group>"; };
		3B3967151E833CAA004F5970 /* AppFrameworkInfo.plist */ = {isa = PBXFileReference; fileEncoding = 4; lastKnownFileType = text.plist.xml; name = AppFrameworkInfo.plist; path = Flutter/AppFrameworkInfo.plist; sourceTree = "<group>"; };
		3B80C3931E831B6300D905FE /* App.framework */ = {isa = PBXFileReference; lastKnownFileType = wrapper.framework; name = App.framework; path = Flutter/App.framework; sourceTree = "<group>"; };
		5F960C6439646F88B561E2A7 /* libPods-Runner.a */ = {isa = PBXFileReference; explicitFileType = archive.ar; includeInIndex = 0; path = "libPods-Runner.a"; sourceTree = BUILT_PRODUCTS_DIR; };
		6193CB7F22B5394100C7C773 /* libBaiduSpeechSDK.a */ = {isa = PBXFileReference; lastKnownFileType = archive.ar; path = libBaiduSpeechSDK.a; sourceTree = "<group>"; };
		6193CB8022B5394100C7C773 /* .gitignore */ = {isa = PBXFileReference; fileEncoding = 4; lastKnownFileType = text; path = .gitignore; sourceTree = "<group>"; };
		6193CB8322B5399600C7C773 /* BDSClientResources */ = {isa = PBXFileReference; lastKnownFileType = folder; path = BDSClientResources; sourceTree = "<group>"; };
		6193CB8622B539CE00C7C773 /* bds_license.dat */ = {isa = PBXFileReference; fileEncoding = 4; lastKnownFileType = text; path = bds_license.dat; sourceTree = "<group>"; };
		6193CB8722B539CE00C7C773 /* bds_easr_basic_model.dat */ = {isa = PBXFileReference; lastKnownFileType = file; path = bds_easr_basic_model.dat; sourceTree = "<group>"; };
		6193CB8822B539CE00C7C773 /* bds_easr_mfe_cmvn.dat */ = {isa = PBXFileReference; fileEncoding = 4; lastKnownFileType = text; path = bds_easr_mfe_cmvn.dat; sourceTree = "<group>"; };
		6193CB8922B539CE00C7C773 /* bds_easr_input_model.dat */ = {isa = PBXFileReference; lastKnownFileType = file; path = bds_easr_input_model.dat; sourceTree = "<group>"; };
		6193CB8A22B539CE00C7C773 /* bds_easr_mfe_dnn.dat */ = {isa = PBXFileReference; lastKnownFileType = file; path = bds_easr_mfe_dnn.dat; sourceTree = "<group>"; };
		6193CB8B22B539CE00C7C773 /* bds_easr_gramm.dat */ = {isa = PBXFileReference; fileEncoding = 4; lastKnownFileType = text; path = bds_easr_gramm.dat; sourceTree = "<group>"; };
		6193CB8C22B539CE00C7C773 /* bds_easr_wakeup_words.dat */ = {isa = PBXFileReference; lastKnownFileType = file; path = bds_easr_wakeup_words.dat; sourceTree = "<group>"; };
		6193CB8D22B539CE00C7C773 /* bds_easr_dnn_wakeup_model.dat */ = {isa = PBXFileReference; lastKnownFileType = file; path = bds_easr_dnn_wakeup_model.dat; sourceTree = "<group>"; };
		6193CB9622B539F600C7C773 /* CoreTelephony.framework */ = {isa = PBXFileReference; lastKnownFileType = wrapper.framework; name = CoreTelephony.framework; path = System/Library/Frameworks/CoreTelephony.framework; sourceTree = SDKROOT; };
		6193CB9822B53A0E00C7C773 /* libsqlite3.0.tbd */ = {isa = PBXFileReference; lastKnownFileType = "sourcecode.text-based-dylib-definition"; name = libsqlite3.0.tbd; path = usr/lib/libsqlite3.0.tbd; sourceTree = SDKROOT; };
		6193CB9A22B53A3300C7C773 /* libiconv.2.4.0.tbd */ = {isa = PBXFileReference; lastKnownFileType = "sourcecode.text-based-dylib-definition"; name = libiconv.2.4.0.tbd; path = usr/lib/libiconv.2.4.0.tbd; sourceTree = SDKROOT; };
		6193CB9C22B53A4700C7C773 /* libc++.tbd */ = {isa = PBXFileReference; lastKnownFileType = "sourcecode.text-based-dylib-definition"; name = "libc++.tbd"; path = "usr/lib/libc++.tbd"; sourceTree = SDKROOT; };
		6193CB9E22B53A5A00C7C773 /* libz.1.2.5.tbd */ = {isa = PBXFileReference; lastKnownFileType = "sourcecode.text-based-dylib-definition"; name = libz.1.2.5.tbd; path = usr/lib/libz.1.2.5.tbd; sourceTree = SDKROOT; };
		6193CBA022B77DCE00C7C773 /* AsrManager.h */ = {isa = PBXFileReference; lastKnownFileType = sourcecode.c.h; path = AsrManager.h; sourceTree = "<group>"; };
		6193CBA122B77DCE00C7C773 /* AsrManager.m */ = {isa = PBXFileReference; lastKnownFileType = sourcecode.c.objc; path = AsrManager.m; sourceTree = "<group>"; };
		6193CBA522B7806700C7C773 /* BDSWakeupParameters.h */ = {isa = PBXFileReference; fileEncoding = 4; lastKnownFileType = sourcecode.c.h; path = BDSWakeupParameters.h; sourceTree = "<group>"; };
		6193CBA622B7806700C7C773 /* BDSASRParameters.h */ = {isa = PBXFileReference; fileEncoding = 4; lastKnownFileType = sourcecode.c.h; path = BDSASRParameters.h; sourceTree = "<group>"; };
		6193CBA722B7806700C7C773 /* BDSEventManager.h */ = {isa = PBXFileReference; fileEncoding = 4; lastKnownFileType = sourcecode.c.h; path = BDSEventManager.h; sourceTree = "<group>"; };
		6193CBA822B7806700C7C773 /* .gitIgnore */ = {isa = PBXFileReference; fileEncoding = 4; lastKnownFileType = text; path = .gitIgnore; sourceTree = "<group>"; };
		6193CBA922B7806700C7C773 /* BDSUploaderDefines.h */ = {isa = PBXFileReference; fileEncoding = 4; lastKnownFileType = sourcecode.c.h; path = BDSUploaderDefines.h; sourceTree = "<group>"; };
		6193CBAA22B7806700C7C773 /* BDSASRDefines.h */ = {isa = PBXFileReference; fileEncoding = 4; lastKnownFileType = sourcecode.c.h; path = BDSASRDefines.h; sourceTree = "<group>"; };
		6193CBAB22B7806700C7C773 /* BDSUploaderParameters.h */ = {isa = PBXFileReference; fileEncoding = 4; lastKnownFileType = sourcecode.c.h; path = BDSUploaderParameters.h; sourceTree = "<group>"; };
		6193CBAC22B7806700C7C773 /* BDSWakeupDefines.h */ = {isa = PBXFileReference; fileEncoding = 4; lastKnownFileType = sourcecode.c.h; path = BDSWakeupDefines.h; sourceTree = "<group>"; };
		6193CBAE22B7806700C7C773 /* BDRecognizerViewParamsObject.h */ = {isa = PBXFileReference; fileEncoding = 4; lastKnownFileType = sourcecode.c.h; path = BDRecognizerViewParamsObject.h; sourceTree = "<group>"; };
		6193CBAF22B7806700C7C773 /* BDRecognizerViewController.h */ = {isa = PBXFileReference; fileEncoding = 4; lastKnownFileType = sourcecode.c.h; path = BDRecognizerViewController.h; sourceTree = "<group>"; };
		6193CBB022B7806700C7C773 /* BDTheme.h */ = {isa = PBXFileReference; fileEncoding = 4; lastKnownFileType = sourcecode.c.h; path = BDTheme.h; sourceTree = "<group>"; };
		6193CBB122B7806700C7C773 /* BDRecognizerViewDelegate.h */ = {isa = PBXFileReference; fileEncoding = 4; lastKnownFileType = sourcecode.c.h; path = BDRecognizerViewDelegate.h; sourceTree = "<group>"; };
		7AFA3C8E1D35360C0083082E /* Release.xcconfig */ = {isa = PBXFileReference; lastKnownFileType = text.xcconfig; name = Release.xcconfig; path = Flutter/Release.xcconfig; sourceTree = "<group>"; };
		7AFFD8ED1D35381100E5BB4D /* AppDelegate.h */ = {isa = PBXFileReference; fileEncoding = 4; lastKnownFileType = sourcecode.c.h; path = AppDelegate.h; sourceTree = "<group>"; };
		7AFFD8EE1D35381100E5BB4D /* AppDelegate.m */ = {isa = PBXFileReference; fileEncoding = 4; lastKnownFileType = sourcecode.c.objc; path = AppDelegate.m; sourceTree = "<group>"; };
		9740EEB21CF90195004384FC /* Debug.xcconfig */ = {isa = PBXFileReference; fileEncoding = 4; lastKnownFileType = text.xcconfig; name = Debug.xcconfig; path = Flutter/Debug.xcconfig; sourceTree = "<group>"; };
		9740EEB31CF90195004384FC /* Generated.xcconfig */ = {isa = PBXFileReference; fileEncoding = 4; lastKnownFileType = text.xcconfig; name = Generated.xcconfig; path = Flutter/Generated.xcconfig; sourceTree = "<group>"; };
		9740EEBA1CF902C7004384FC /* Flutter.framework */ = {isa = PBXFileReference; lastKnownFileType = wrapper.framework; name = Flutter.framework; path = Flutter/Flutter.framework; sourceTree = "<group>"; };
		97C146EE1CF9000F007C117D /* Runner.app */ = {isa = PBXFileReference; explicitFileType = wrapper.application; includeInIndex = 0; path = Runner.app; sourceTree = BUILT_PRODUCTS_DIR; };
		97C146F21CF9000F007C117D /* main.m */ = {isa = PBXFileReference; lastKnownFileType = sourcecode.c.objc; path = main.m; sourceTree = "<group>"; };
		97C146FB1CF9000F007C117D /* Base */ = {isa = PBXFileReference; lastKnownFileType = file.storyboard; name = Base; path = Base.lproj/Main.storyboard; sourceTree = "<group>"; };
		97C146FD1CF9000F007C117D /* Assets.xcassets */ = {isa = PBXFileReference; lastKnownFileType = folder.assetcatalog; path = Assets.xcassets; sourceTree = "<group>"; };
		97C147001CF9000F007C117D /* Base */ = {isa = PBXFileReference; lastKnownFileType = file.storyboard; name = Base; path = Base.lproj/LaunchScreen.storyboard; sourceTree = "<group>"; };
		97C147021CF9000F007C117D /* Info.plist */ = {isa = PBXFileReference; lastKnownFileType = text.plist.xml; path = Info.plist; sourceTree = "<group>"; };
/* End PBXFileReference section */

/* Begin PBXFrameworksBuildPhase section */
		97C146EB1CF9000F007C117D /* Frameworks */ = {
			isa = PBXFrameworksBuildPhase;
			buildActionMask = 2147483647;
			files = (
				6193CB9F22B53A5A00C7C773 /* libz.1.2.5.tbd in Frameworks */,
				6193CB9D22B53A4700C7C773 /* libc++.tbd in Frameworks */,
				6193CB9B22B53A3300C7C773 /* libiconv.2.4.0.tbd in Frameworks */,
				6193CB9922B53A0E00C7C773 /* libsqlite3.0.tbd in Frameworks */,
				6193CB9722B539F600C7C773 /* CoreTelephony.framework in Frameworks */,
				6193CB8122B5394100C7C773 /* libBaiduSpeechSDK.a in Frameworks */,
				9705A1C61CF904A100538489 /* Flutter.framework in Frameworks */,
				3B80C3941E831B6300D905FE /* App.framework in Frameworks */,
				B4F967D014B533EDFD080474 /* libPods-Runner.a in Frameworks */,
			);
			runOnlyForDeploymentPostprocessing = 0;
		};
/* End PBXFrameworksBuildPhase section */

/* Begin PBXGroup section */
		2989EDC6094B9DA2C83DB05B /* Frameworks */ = {
			isa = PBXGroup;
			children = (
				6193CB9E22B53A5A00C7C773 /* libz.1.2.5.tbd */,
				6193CB9C22B53A4700C7C773 /* libc++.tbd */,
				6193CB9A22B53A3300C7C773 /* libiconv.2.4.0.tbd */,
				6193CB9822B53A0E00C7C773 /* libsqlite3.0.tbd */,
				6193CB9622B539F600C7C773 /* CoreTelephony.framework */,
				5F960C6439646F88B561E2A7 /* libPods-Runner.a */,
			);
			name = Frameworks;
			sourceTree = "<group>";
		};
		6193CB7D22B5391600C7C773 /* plugin */ = {
			isa = PBXGroup;
			children = (
				6193CBA322B7805700C7C773 /* Headers */,
				6193CB8522B539CE00C7C773 /* BDSClientEASRResources */,
				6193CB8322B5399600C7C773 /* BDSClientResources */,
				6193CB7E22B5394100C7C773 /* BDSClientLib */,
				6193CBA022B77DCE00C7C773 /* AsrManager.h */,
				6193CBA122B77DCE00C7C773 /* AsrManager.m */,
			);
			path = plugin;
			sourceTree = "<group>";
		};
		6193CB7E22B5394100C7C773 /* BDSClientLib */ = {
			isa = PBXGroup;
			children = (
				6193CB7F22B5394100C7C773 /* libBaiduSpeechSDK.a */,
				6193CB8022B5394100C7C773 /* .gitignore */,
			);
			path = BDSClientLib;
			sourceTree = "<group>";
		};
		6193CB8522B539CE00C7C773 /* BDSClientEASRResources */ = {
			isa = PBXGroup;
			children = (
				6193CB8622B539CE00C7C773 /* bds_license.dat */,
				6193CB8722B539CE00C7C773 /* bds_easr_basic_model.dat */,
				6193CB8822B539CE00C7C773 /* bds_easr_mfe_cmvn.dat */,
				6193CB8922B539CE00C7C773 /* bds_easr_input_model.dat */,
				6193CB8A22B539CE00C7C773 /* bds_easr_mfe_dnn.dat */,
				6193CB8B22B539CE00C7C773 /* bds_easr_gramm.dat */,
				6193CB8C22B539CE00C7C773 /* bds_easr_wakeup_words.dat */,
				6193CB8D22B539CE00C7C773 /* bds_easr_dnn_wakeup_model.dat */,
			);
			path = BDSClientEASRResources;
			sourceTree = "<group>";
		};
		6193CBA322B7805700C7C773 /* Headers */ = {
			isa = PBXGroup;
			children = (
				6193CBA422B7806700C7C773 /* ASR */,
			);
			path = Headers;
			sourceTree = "<group>";
		};
		6193CBA422B7806700C7C773 /* ASR */ = {
			isa = PBXGroup;
			children = (
				6193CBA522B7806700C7C773 /* BDSWakeupParameters.h */,
				6193CBA622B7806700C7C773 /* BDSASRParameters.h */,
				6193CBA722B7806700C7C773 /* BDSEventManager.h */,
				6193CBA822B7806700C7C773 /* .gitIgnore */,
				6193CBA922B7806700C7C773 /* BDSUploaderDefines.h */,
				6193CBAA22B7806700C7C773 /* BDSASRDefines.h */,
				6193CBAB22B7806700C7C773 /* BDSUploaderParameters.h */,
				6193CBAC22B7806700C7C773 /* BDSWakeupDefines.h */,
				6193CBAD22B7806700C7C773 /* UIHeaders */,
			);
			path = ASR;
			sourceTree = "<group>";
		};
		6193CBAD22B7806700C7C773 /* UIHeaders */ = {
			isa = PBXGroup;
			children = (
				6193CBAE22B7806700C7C773 /* BDRecognizerViewParamsObject.h */,
				6193CBAF22B7806700C7C773 /* BDRecognizerViewController.h */,
				6193CBB022B7806700C7C773 /* BDTheme.h */,
				6193CBB122B7806700C7C773 /* BDRecognizerViewDelegate.h */,
			);
			path = UIHeaders;
			sourceTree = "<group>";
		};
		91E776DA61DCA45EAA5C4576 /* Pods */ = {
			isa = PBXGroup;
			children = (
			);
			name = Pods;
			sourceTree = "<group>";
		};
		9740EEB11CF90186004384FC /* Flutter */ = {
			isa = PBXGroup;
			children = (
				3B80C3931E831B6300D905FE /* App.framework */,
				3B3967151E833CAA004F5970 /* AppFrameworkInfo.plist */,
				9740EEBA1CF902C7004384FC /* Flutter.framework */,
				9740EEB21CF90195004384FC /* Debug.xcconfig */,
				7AFA3C8E1D35360C0083082E /* Release.xcconfig */,
				9740EEB31CF90195004384FC /* Generated.xcconfig */,
			);
			name = Flutter;
			sourceTree = "<group>";
		};
		97C146E51CF9000F007C117D = {
			isa = PBXGroup;
			children = (
				6193CB7D22B5391600C7C773 /* plugin */,
				9740EEB11CF90186004384FC /* Flutter */,
				97C146F01CF9000F007C117D /* Runner */,
				97C146EF1CF9000F007C117D /* Products */,
				91E776DA61DCA45EAA5C4576 /* Pods */,
				2989EDC6094B9DA2C83DB05B /* Frameworks */,
			);
			sourceTree = "<group>";
		};
		97C146EF1CF9000F007C117D /* Products */ = {
			isa = PBXGroup;
			children = (
				97C146EE1CF9000F007C117D /* Runner.app */,
			);
			name = Products;
			sourceTree = "<group>";
		};
		97C146F01CF9000F007C117D /* Runner */ = {
			isa = PBXGroup;
			children = (
				7AFFD8ED1D35381100E5BB4D /* AppDelegate.h */,
				7AFFD8EE1D35381100E5BB4D /* AppDelegate.m */,
				97C146FA1CF9000F007C117D /* Main.storyboard */,
				97C146FD1CF9000F007C117D /* Assets.xcassets */,
				97C146FF1CF9000F007C117D /* LaunchScreen.storyboard */,
				97C147021CF9000F007C117D /* Info.plist */,
				97C146F11CF9000F007C117D /* Supporting Files */,
				1498D2321E8E86230040F4C2 /* GeneratedPluginRegistrant.h */,
				1498D2331E8E89220040F4C2 /* GeneratedPluginRegistrant.m */,
			);
			path = Runner;
			sourceTree = "<group>";
		};
		97C146F11CF9000F007C117D /* Supporting Files */ = {
			isa = PBXGroup;
			children = (
				97C146F21CF9000F007C117D /* main.m */,
			);
			name = "Supporting Files";
			sourceTree = "<group>";
		};
/* End PBXGroup section */

/* Begin PBXNativeTarget section */
		97C146ED1CF9000F007C117D /* Runner */ = {
			isa = PBXNativeTarget;
			buildConfigurationList = 97C147051CF9000F007C117D /* Build configuration list for PBXNativeTarget "Runner" */;
			buildPhases = (
				F8A555C3D5ADA534B97143C2 /* [CP] Check Pods Manifest.lock */,
				9740EEB61CF901F6004384FC /* Run Script */,
				97C146EA1CF9000F007C117D /* Sources */,
				97C146EB1CF9000F007C117D /* Frameworks */,
				97C146EC1CF9000F007C117D /* Resources */,
				9705A1C41CF9048500538489 /* Embed Frameworks */,
				3B06AD1E1E4923F5004D2608 /* Thin Binary */,
				9E033C93828446219898188A /* [CP] Embed Pods Frameworks */,
			);
			buildRules = (
			);
			dependencies = (
			);
			name = Runner;
			productName = Runner;
			productReference = 97C146EE1CF9000F007C117D /* Runner.app */;
			productType = "com.apple.product-type.application";
		};
/* End PBXNativeTarget section */

/* Begin PBXProject section */
		97C146E61CF9000F007C117D /* Project object */ = {
			isa = PBXProject;
			attributes = {
				LastUpgradeCheck = 0910;
				ORGANIZATIONNAME = "The Chromium Authors";
				TargetAttributes = {
					97C146ED1CF9000F007C117D = {
						CreatedOnToolsVersion = 7.3.1;
					};
				};
			};
			buildConfigurationList = 97C146E91CF9000F007C117D /* Build configuration list for PBXProject "Runner" */;
			compatibilityVersion = "Xcode 3.2";
			developmentRegion = English;
			hasScannedForEncodings = 0;
			knownRegions = (
				en,
				Base,
			);
			mainGroup = 97C146E51CF9000F007C117D;
			productRefGroup = 97C146EF1CF9000F007C117D /* Products */;
			projectDirPath = "";
			projectRoot = "";
			targets = (
				97C146ED1CF9000F007C117D /* Runner */,
			);
		};
/* End PBXProject section */

/* Begin PBXResourcesBuildPhase section */
		97C146EC1CF9000F007C117D /* Resources */ = {
			isa = PBXResourcesBuildPhase;
			buildActionMask = 2147483647;
			files = (
				6193CBB222B7806700C7C773 /* .gitIgnore in Resources */,
				6193CB9222B539CE00C7C773 /* bds_easr_mfe_dnn.dat in Resources */,
				6193CB8F22B539CE00C7C773 /* bds_easr_basic_model.dat in Resources */,
				6193CB9122B539CE00C7C773 /* bds_easr_input_model.dat in Resources */,
				6193CB9022B539CE00C7C773 /* bds_easr_mfe_cmvn.dat in Resources */,
				97C147011CF9000F007C117D /* LaunchScreen.storyboard in Resources */,
				6193CB8E22B539CE00C7C773 /* bds_license.dat in Resources */,
				6193CB9322B539CE00C7C773 /* bds_easr_gramm.dat in Resources */,
				3B3967161E833CAA004F5970 /* AppFrameworkInfo.plist in Resources */,
				9740EEB41CF90195004384FC /* Debug.xcconfig in Resources */,
				6193CB9422B539CE00C7C773 /* bds_easr_wakeup_words.dat in Resources */,
				97C146FE1CF9000F007C117D /* Assets.xcassets in Resources */,
				6193CB8222B5394100C7C773 /* .gitignore in Resources */,
				6193CB8422B5399600C7C773 /* BDSClientResources in Resources */,
				97C146FC1CF9000F007C117D /* Main.storyboard in Resources */,
				6193CB9522B539CE00C7C773 /* bds_easr_dnn_wakeup_model.dat in Resources */,
			);
			runOnlyForDeploymentPostprocessing = 0;
		};
/* End PBXResourcesBuildPhase section */

/* Begin PBXShellScriptBuildPhase section */
		3B06AD1E1E4923F5004D2608 /* Thin Binary */ = {
			isa = PBXShellScriptBuildPhase;
			buildActionMask = 2147483647;
			files = (
			);
			inputPaths = (
			);
			name = "Thin Binary";
			outputPaths = (
			);
			runOnlyForDeploymentPostprocessing = 0;
			shellPath = /bin/sh;
			shellScript = "/bin/sh \"$FLUTTER_ROOT/packages/flutter_tools/bin/xcode_backend.sh\" thin";
		};
		9740EEB61CF901F6004384FC /* Run Script */ = {
			isa = PBXShellScriptBuildPhase;
			buildActionMask = 2147483647;
			files = (
			);
			inputPaths = (
			);
			name = "Run Script";
			outputPaths = (
			);
			runOnlyForDeploymentPostprocessing = 0;
			shellPath = /bin/sh;
			shellScript = "/bin/sh \"$FLUTTER_ROOT/packages/flutter_tools/bin/xcode_backend.sh\" build";
		};
		9E033C93828446219898188A /* [CP] Embed Pods Frameworks */ = {
			isa = PBXShellScriptBuildPhase;
			buildActionMask = 2147483647;
			files = (
			);
			inputPaths = (
				"${SRCROOT}/Pods/Target Support Files/Pods-Runner/Pods-Runner-frameworks.sh",
				"${PODS_ROOT}/../.symlinks/flutter/ios/Flutter.framework",
			);
			name = "[CP] Embed Pods Frameworks";
			outputPaths = (
				"${TARGET_BUILD_DIR}/${FRAMEWORKS_FOLDER_PATH}/Flutter.framework",
			);
			runOnlyForDeploymentPostprocessing = 0;
			shellPath = /bin/sh;
			shellScript = "\"${SRCROOT}/Pods/Target Support Files/Pods-Runner/Pods-Runner-frameworks.sh\"\n";
			showEnvVarsInLog = 0;
		};
		F8A555C3D5ADA534B97143C2 /* [CP] Check Pods Manifest.lock */ = {
			isa = PBXShellScriptBuildPhase;
			buildActionMask = 2147483647;
			files = (
			);
			inputPaths = (
				"${PODS_PODFILE_DIR_PATH}/Podfile.lock",
				"${PODS_ROOT}/Manifest.lock",
			);
			name = "[CP] Check Pods Manifest.lock";
			outputPaths = (
				"$(DERIVED_FILE_DIR)/Pods-Runner-checkManifestLockResult.txt",
			);
			runOnlyForDeploymentPostprocessing = 0;
			shellPath = /bin/sh;
			shellScript = "diff \"${PODS_PODFILE_DIR_PATH}/Podfile.lock\" \"${PODS_ROOT}/Manifest.lock\" > /dev/null\nif [ $? != 0 ] ; then\n    # print error to STDERR\n    echo \"error: The sandbox is not in sync with the Podfile.lock. Run 'pod install' or update your CocoaPods installation.\" >&2\n    exit 1\nfi\n# This output is used by Xcode 'outputs' to avoid re-running this script phase.\necho \"SUCCESS\" > \"${SCRIPT_OUTPUT_FILE_0}\"\n";
			showEnvVarsInLog = 0;
		};
/* End PBXShellScriptBuildPhase section */

/* Begin PBXSourcesBuildPhase section */
		97C146EA1CF9000F007C117D /* Sources */ = {
			isa = PBXSourcesBuildPhase;
			buildActionMask = 2147483647;
			files = (
				6193CBA222B77DCE00C7C773 /* AsrManager.m in Sources */,
				978B8F6F1D3862AE00F588F7 /* AppDelegate.m in Sources */,
				97C146F31CF9000F007C117D /* main.m in Sources */,
				1498D2341E8E89220040F4C2 /* GeneratedPluginRegistrant.m in Sources */,
			);
			runOnlyForDeploymentPostprocessing = 0;
		};
/* End PBXSourcesBuildPhase section */

/* Begin PBXVariantGroup section */
		97C146FA1CF9000F007C117D /* Main.storyboard */ = {
			isa = PBXVariantGroup;
			children = (
				97C146FB1CF9000F007C117D /* Base */,
			);
			name = Main.storyboard;
			sourceTree = "<group>";
		};
		97C146FF1CF9000F007C117D /* LaunchScreen.storyboard */ = {
			isa = PBXVariantGroup;
			children = (
				97C147001CF9000F007C117D /* Base */,
			);
			name = LaunchScreen.storyboard;
			sourceTree = "<group>";
		};
/* End PBXVariantGroup section */

/* Begin XCBuildConfiguration section */
		249021D3217E4FDB00AE95B9 /* Profile */ = {
			isa = XCBuildConfiguration;
			baseConfigurationReference = 7AFA3C8E1D35360C0083082E /* Release.xcconfig */;
			buildSettings = {
				ALWAYS_SEARCH_USER_PATHS = NO;
				CLANG_ANALYZER_NONNULL = YES;
				CLANG_CXX_LANGUAGE_STANDARD = "gnu++0x";
				CLANG_CXX_LIBRARY = "libc++";
				CLANG_ENABLE_MODULES = YES;
				CLANG_ENABLE_OBJC_ARC = YES;
				CLANG_WARN_BLOCK_CAPTURE_AUTORELEASING = YES;
				CLANG_WARN_BOOL_CONVERSION = YES;
				CLANG_WARN_COMMA = YES;
				CLANG_WARN_CONSTANT_CONVERSION = YES;
				CLANG_WARN_DIRECT_OBJC_ISA_USAGE = YES_ERROR;
				CLANG_WARN_EMPTY_BODY = YES;
				CLANG_WARN_ENUM_CONVERSION = YES;
				CLANG_WARN_INFINITE_RECURSION = YES;
				CLANG_WARN_INT_CONVERSION = YES;
				CLANG_WARN_NON_LITERAL_NULL_CONVERSION = YES;
				CLANG_WARN_OBJC_LITERAL_CONVERSION = YES;
				CLANG_WARN_OBJC_ROOT_CLASS = YES_ERROR;
				CLANG_WARN_RANGE_LOOP_ANALYSIS = YES;
				CLANG_WARN_STRICT_PROTOTYPES = YES;
				CLANG_WARN_SUSPICIOUS_MOVE = YES;
				CLANG_WARN_UNREACHABLE_CODE = YES;
				CLANG_WARN__DUPLICATE_METHOD_MATCH = YES;
				"CODE_SIGN_IDENTITY[sdk=iphoneos*]" = "iPhone Developer";
				COPY_PHASE_STRIP = NO;
				DEBUG_INFORMATION_FORMAT = "dwarf-with-dsym";
				ENABLE_NS_ASSERTIONS = NO;
				ENABLE_STRICT_OBJC_MSGSEND = YES;
				GCC_C_LANGUAGE_STANDARD = gnu99;
				GCC_NO_COMMON_BLOCKS = YES;
				GCC_WARN_64_TO_32_BIT_CONVERSION = YES;
				GCC_WARN_ABOUT_RETURN_TYPE = YES_ERROR;
				GCC_WARN_UNDECLARED_SELECTOR = YES;
				GCC_WARN_UNINITIALIZED_AUTOS = YES_AGGRESSIVE;
				GCC_WARN_UNUSED_FUNCTION = YES;
				GCC_WARN_UNUSED_VARIABLE = YES;
				IPHONEOS_DEPLOYMENT_TARGET = 8.0;
				MTL_ENABLE_DEBUG_INFO = NO;
				SDKROOT = iphoneos;
				TARGETED_DEVICE_FAMILY = "1,2";
				VALIDATE_PRODUCT = YES;
			};
			name = Profile;
		};
		249021D4217E4FDB00AE95B9 /* Profile */ = {
			isa = XCBuildConfiguration;
			baseConfigurationReference = 7AFA3C8E1D35360C0083082E /* Release.xcconfig */;
			buildSettings = {
				ASSETCATALOG_COMPILER_APPICON_NAME = AppIcon;
				CURRENT_PROJECT_VERSION = "$(FLUTTER_BUILD_NUMBER)";
				DEVELOPMENT_TEAM = S8QB4VV633;
				ENABLE_BITCODE = NO;
				FRAMEWORK_SEARCH_PATHS = (
					"$(inherited)",
					"$(PROJECT_DIR)/Flutter",
				);
				INFOPLIST_FILE = Runner/Info.plist;
				LD_RUNPATH_SEARCH_PATHS = "$(inherited) @executable_path/Frameworks";
				LIBRARY_SEARCH_PATHS = (
					"$(inherited)",
					"$(PROJECT_DIR)/Flutter",
					"$(PROJECT_DIR)/plugin/BDSClientLib",
				);
				PRODUCT_BUNDLE_IDENTIFIER = com.example.flutterTrip;
				PRODUCT_NAME = "$(TARGET_NAME)";
				VERSIONING_SYSTEM = "apple-generic";
			};
			name = Profile;
		};
		97C147031CF9000F007C117D /* Debug */ = {
			isa = XCBuildConfiguration;
			baseConfigurationReference = 9740EEB21CF90195004384FC /* Debug.xcconfig */;
			buildSettings = {
				ALWAYS_SEARCH_USER_PATHS = NO;
				CLANG_ANALYZER_NONNULL = YES;
				CLANG_CXX_LANGUAGE_STANDARD = "gnu++0x";
				CLANG_CXX_LIBRARY = "libc++";
				CLANG_ENABLE_MODULES = YES;
				CLANG_ENABLE_OBJC_ARC = YES;
				CLANG_WARN_BLOCK_CAPTURE_AUTORELEASING = YES;
				CLANG_WARN_BOOL_CONVERSION = YES;
				CLANG_WARN_COMMA = YES;
				CLANG_WARN_CONSTANT_CONVERSION = YES;
				CLANG_WARN_DIRECT_OBJC_ISA_USAGE = YES_ERROR;
				CLANG_WARN_EMPTY_BODY = YES;
				CLANG_WARN_ENUM_CONVERSION = YES;
				CLANG_WARN_INFINITE_RECURSION = YES;
				CLANG_WARN_INT_CONVERSION = YES;
				CLANG_WARN_NON_LITERAL_NULL_CONVERSION = YES;
				CLANG_WARN_OBJC_LITERAL_CONVERSION = YES;
				CLANG_WARN_OBJC_ROOT_CLASS = YES_ERROR;
				CLANG_WARN_RANGE_LOOP_ANALYSIS = YES;
				CLANG_WARN_STRICT_PROTOTYPES = YES;
				CLANG_WARN_SUSPICIOUS_MOVE = YES;
				CLANG_WARN_UNREACHABLE_CODE = YES;
				CLANG_WARN__DUPLICATE_METHOD_MATCH = YES;
				"CODE_SIGN_IDENTITY[sdk=iphoneos*]" = "iPhone Developer";
				COPY_PHASE_STRIP = NO;
				DEBUG_INFORMATION_FORMAT = dwarf;
				ENABLE_STRICT_OBJC_MSGSEND = YES;
				ENABLE_TESTABILITY = YES;
				GCC_C_LANGUAGE_STANDARD = gnu99;
				GCC_DYNAMIC_NO_PIC = NO;
				GCC_NO_COMMON_BLOCKS = YES;
				GCC_OPTIMIZATION_LEVEL = 0;
				GCC_PREPROCESSOR_DEFINITIONS = (
					"DEBUG=1",
					"$(inherited)",
				);
				GCC_WARN_64_TO_32_BIT_CONVERSION = YES;
				GCC_WARN_ABOUT_RETURN_TYPE = YES_ERROR;
				GCC_WARN_UNDECLARED_SELECTOR = YES;
				GCC_WARN_UNINITIALIZED_AUTOS = YES_AGGRESSIVE;
				GCC_WARN_UNUSED_FUNCTION = YES;
				GCC_WARN_UNUSED_VARIABLE = YES;
				IPHONEOS_DEPLOYMENT_TARGET = 8.0;
				MTL_ENABLE_DEBUG_INFO = YES;
				ONLY_ACTIVE_ARCH = YES;
				SDKROOT = iphoneos;
				TARGETED_DEVICE_FAMILY = "1,2";
			};
			name = Debug;
		};
		97C147041CF9000F007C117D /* Release */ = {
			isa = XCBuildConfiguration;
			baseConfigurationReference = 7AFA3C8E1D35360C0083082E /* Release.xcconfig */;
			buildSettings = {
				ALWAYS_SEARCH_USER_PATHS = NO;
				CLANG_ANALYZER_NONNULL = YES;
				CLANG_CXX_LANGUAGE_STANDARD = "gnu++0x";
				CLANG_CXX_LIBRARY = "libc++";
				CLANG_ENABLE_MODULES = YES;
				CLANG_ENABLE_OBJC_ARC = YES;
				CLANG_WARN_BLOCK_CAPTURE_AUTORELEASING = YES;
				CLANG_WARN_BOOL_CONVERSION = YES;
				CLANG_WARN_COMMA = YES;
				CLANG_WARN_CONSTANT_CONVERSION = YES;
				CLANG_WARN_DIRECT_OBJC_ISA_USAGE = YES_ERROR;
				CLANG_WARN_EMPTY_BODY = YES;
				CLANG_WARN_ENUM_CONVERSION = YES;
				CLANG_WARN_INFINITE_RECURSION = YES;
				CLANG_WARN_INT_CONVERSION = YES;
				CLANG_WARN_NON_LITERAL_NULL_CONVERSION = YES;
				CLANG_WARN_OBJC_LITERAL_CONVERSION = YES;
				CLANG_WARN_OBJC_ROOT_CLASS = YES_ERROR;
				CLANG_WARN_RANGE_LOOP_ANALYSIS = YES;
				CLANG_WARN_STRICT_PROTOTYPES = YES;
				CLANG_WARN_SUSPICIOUS_MOVE = YES;
				CLANG_WARN_UNREACHABLE_CODE = YES;
				CLANG_WARN__DUPLICATE_METHOD_MATCH = YES;
				"CODE_SIGN_IDENTITY[sdk=iphoneos*]" = "iPhone Developer";
				COPY_PHASE_STRIP = NO;
				DEBUG_INFORMATION_FORMAT = "dwarf-with-dsym";
				ENABLE_NS_ASSERTIONS = NO;
				ENABLE_STRICT_OBJC_MSGSEND = YES;
				GCC_C_LANGUAGE_STANDARD = gnu99;
				GCC_NO_COMMON_BLOCKS = YES;
				GCC_WARN_64_TO_32_BIT_CONVERSION = YES;
				GCC_WARN_ABOUT_RETURN_TYPE = YES_ERROR;
				GCC_WARN_UNDECLARED_SELECTOR = YES;
				GCC_WARN_UNINITIALIZED_AUTOS = YES_AGGRESSIVE;
				GCC_WARN_UNUSED_FUNCTION = YES;
				GCC_WARN_UNUSED_VARIABLE = YES;
				IPHONEOS_DEPLOYMENT_TARGET = 8.0;
				MTL_ENABLE_DEBUG_INFO = NO;
				SDKROOT = iphoneos;
				TARGETED_DEVICE_FAMILY = "1,2";
				VALIDATE_PRODUCT = YES;
			};
			name = Release;
		};
		97C147061CF9000F007C117D /* Debug */ = {
			isa = XCBuildConfiguration;
			baseConfigurationReference = 9740EEB21CF90195004384FC /* Debug.xcconfig */;
			buildSettings = {
				ASSETCATALOG_COMPILER_APPICON_NAME = AppIcon;
				CURRENT_PROJECT_VERSION = "$(FLUTTER_BUILD_NUMBER)";
				ENABLE_BITCODE = NO;
				FRAMEWORK_SEARCH_PATHS = (
					"$(inherited)",
					"$(PROJECT_DIR)/Flutter",
				);
				INFOPLIST_FILE = Runner/Info.plist;
				LD_RUNPATH_SEARCH_PATHS = "$(inherited) @executable_path/Frameworks";
				LIBRARY_SEARCH_PATHS = (
					"$(inherited)",
					"$(PROJECT_DIR)/Flutter",
					"$(PROJECT_DIR)/plugin/BDSClientLib",
				);
				PRODUCT_BUNDLE_IDENTIFIER = com.example.flutterTrip;
				PRODUCT_NAME = "$(TARGET_NAME)";
				VERSIONING_SYSTEM = "apple-generic";
			};
			name = Debug;
		};
		97C147071CF9000F007C117D /* Release */ = {
			isa = XCBuildConfiguration;
			baseConfigurationReference = 7AFA3C8E1D35360C0083082E /* Release.xcconfig */;
			buildSettings = {
				ASSETCATALOG_COMPILER_APPICON_NAME = AppIcon;
				CURRENT_PROJECT_VERSION = "$(FLUTTER_BUILD_NUMBER)";
				ENABLE_BITCODE = NO;
				FRAMEWORK_SEARCH_PATHS = (
					"$(inherited)",
					"$(PROJECT_DIR)/Flutter",
				);
				INFOPLIST_FILE = Runner/Info.plist;
				LD_RUNPATH_SEARCH_PATHS = "$(inherited) @executable_path/Frameworks";
				LIBRARY_SEARCH_PATHS = (
					"$(inherited)",
					"$(PROJECT_DIR)/Flutter",
					"$(PROJECT_DIR)/plugin/BDSClientLib",
				);
				PRODUCT_BUNDLE_IDENTIFIER = com.example.flutterTrip;
				PRODUCT_NAME = "$(TARGET_NAME)";
				VERSIONING_SYSTEM = "apple-generic";
			};
			name = Release;
		};
/* End XCBuildConfiguration section */

/* Begin XCConfigurationList section */
		97C146E91CF9000F007C117D /* Build configuration list for PBXProject "Runner" */ = {
			isa = XCConfigurationList;
			buildConfigurations = (
				97C147031CF9000F007C117D /* Debug */,
				97C147041CF9000F007C117D /* Release */,
				249021D3217E4FDB00AE95B9 /* Profile */,
			);
			defaultConfigurationIsVisible = 0;
			defaultConfigurationName = Release;
		};
		97C147051CF9000F007C117D /* Build configuration list for PBXNativeTarget "Runner" */ = {
			isa = XCConfigurationList;
			buildConfigurations = (
				97C147061CF9000F007C117D /* Debug */,
				97C147071CF9000F007C117D /* Release */,
				249021D4217E4FDB00AE95B9 /* Profile */,
			);
			defaultConfigurationIsVisible = 0;
			defaultConfigurationName = Release;
		};
/* End XCConfigurationList section */
	};
	rootObject = 97C146E61CF9000F007C117D /* Project object */;
}
